
Microsoft Visual Studio Solution File, Format Version 12.00
# Visual Studio Version 17
VisualStudioVersion = 17.9.34622.214
MinimumVisualStudioVersion = 10.0.40219.1
Project("{D954291E-2A0B-460D-934E-DC6B0785DB48}") = "AetherFlow.Xrm.Framework.Core", "AetherFlow.Xrm.Framework.Core\AetherFlow.Xrm.Framework.Core.shproj", "{E23739D8-201E-4B7F-807F-9B1D7DC7607E}"
EndProject
Project("{FAE04EC0-301F-11D3-BF4B-00C04F79EFBC}") = "AetherFlow.Xrm.Framework.Core.Tests", "AetherFlow.Xrm.Framework.Core.Tests\AetherFlow.Xrm.Framework.Core.Tests.csproj", "{8A7BC527-6415-4A4B-AD05-B9B89604B94D}"
EndProject
Project("{D954291E-2A0B-460D-934E-DC6B0785DB48}") = "AetherFlow.Xrm.FakeXrmEasy", "..\FakeXrmEasy\AetherFlow.Xrm.FakeXrmEasy\AetherFlow.Xrm.FakeXrmEasy.shproj", "{C3C02AD0-EE41-4A55-B172-223EFDBE96B5}"
EndProject
Project("{2150E333-8FDC-42A3-9474-1A3956D46DE8}") = "FakeXrmEasy", "FakeXrmEasy", "{F723D7A2-1012-40F2-A775-E44049120256}"
EndProject
Project("{FAE04EC0-301F-11D3-BF4B-00C04F79EFBC}") = "AetherFlow.Xrm.FakeXrmEasy.Net", "..\FakeXrmEasy\AetherFlow.Xrm.FakeXrmEasy.Net\AetherFlow.Xrm.FakeXrmEasy.Net.csproj", "{A307E46D-F279-466B-AB41-525780092A37}"
EndProject
Global
	GlobalSection(SolutionConfigurationPlatforms) = preSolution
		Debug|Any CPU = Debug|Any CPU
		Release|Any CPU = Release|Any CPU
	EndGlobalSection
	GlobalSection(ProjectConfigurationPlatforms) = postSolution
		{8A7BC527-6415-4A4B-AD05-B9B89604B94D}.Debug|Any CPU.ActiveCfg = Debug|Any CPU
		{8A7BC527-6415-4A4B-AD05-B9B89604B94D}.Debug|Any CPU.Build.0 = Debug|Any CPU
		{8A7BC527-6415-4A4B-AD05-B9B89604B94D}.Release|Any CPU.ActiveCfg = Release|Any CPU
		{8A7BC527-6415-4A4B-AD05-B9B89604B94D}.Release|Any CPU.Build.0 = Release|Any CPU
		{A307E46D-F279-466B-AB41-525780092A37}.Debug|Any CPU.ActiveCfg = Debug|Any CPU
		{A307E46D-F279-466B-AB41-525780092A37}.Debug|Any CPU.Build.0 = Debug|Any CPU
		{A307E46D-F279-466B-AB41-525780092A37}.Release|Any CPU.ActiveCfg = Release|Any CPU
		{A307E46D-F279-466B-AB41-525780092A37}.Release|Any CPU.Build.0 = Release|Any CPU
	EndGlobalSection
	GlobalSection(SolutionProperties) = preSolution
		HideSolutionNode = FALSE
	EndGlobalSection
	GlobalSection(NestedProjects) = preSolution
		{C3C02AD0-EE41-4A55-B172-223EFDBE96B5} = {F723D7A2-1012-40F2-A775-E44049120256}
		{A307E46D-F279-466B-AB41-525780092A37} = {F723D7A2-1012-40F2-A775-E44049120256}
	EndGlobalSection
	GlobalSection(ExtensibilityGlobals) = postSolution
		SolutionGuid = {37626CE3-F71A-4A59-9D90-77184B05188F}
	EndGlobalSection
	GlobalSection(SharedMSBuildProjectFiles) = preSolution
		AetherFlow.Xrm.Framework.Core\AetherFlow.Xrm.Framework.Core.projitems*{8a7bc527-6415-4a4b-ad05-b9b89604b94d}*SharedItemsImports = 4
		..\FakeXrmEasy\AetherFlow.Xrm.FakeXrmEasy\AetherFlow.Xrm.FakeXrmEasy.projitems*{a307e46d-f279-466b-ab41-525780092a37}*SharedItemsImports = 4
		..\FakeXrmEasy\AetherFlow.Xrm.FakeXrmEasy\AetherFlow.Xrm.FakeXrmEasy.projitems*{c3c02ad0-ee41-4a55-b172-223efdbe96b5}*SharedItemsImports = 13
		AetherFlow.Xrm.Framework.Core\AetherFlow.Xrm.Framework.Core.projitems*{e23739d8-201e-4b7f-807f-9b1d7dc7607e}*SharedItemsImports = 13
	EndGlobalSection
EndGlobal
